{
  "name": "date-regex-builder-gh-pages",
  "version": "1.0.0",
  "lockfileVersion": 1,
  "requires": true,
  "dependencies": {
    "date-regex-builder": {
      "version": "0.1.0",
      "resolved": "https://registry.npmjs.org/date-regex-builder/-/date-regex-builder-0.1.0.tgz",
      "integrity": "sha512-DZX4/IoB+B7peaDlsAmhUErWwMq9efWvEp2/vRjF7R2uIftH3ZXqaYZAhRChJzTYItWwtx2Adrp1+t1FfdaYnQ=="
    }
  }
}
